
Microsoft Visual Studio Solution File, Format Version 12.00
# Visual Studio Version 17
VisualStudioVersion = 17.5.002.0
MinimumVisualStudioVersion = 10.0.40219.1
Project("{9A19103F-16F7-4668-BE54-9A1E7A4F7556}") = "CommandsService", "CommandsService.csproj", "{D40D994B-2FF9-4F9F-8B12-6316C3B9D004}"
EndProject
Global
	GlobalSection(SolutionConfigurationPlatforms) = preSolution
		Debug|Any CPU = Debug|Any CPU
		Release|Any CPU = Release|Any CPU
	EndGlobalSection
	GlobalSection(ProjectConfigurationPlatforms) = postSolution
		{D40D994B-2FF9-4F9F-8B12-6316C3B9D004}.Debug|Any CPU.ActiveCfg = Debug|Any CPU
		{D40D994B-2FF9-4F9F-8B12-6316C3B9D004}.Debug|Any CPU.Build.0 = Debug|Any CPU
		{D40D994B-2FF9-4F9F-8B12-6316C3B9D004}.Release|Any CPU.ActiveCfg = Release|Any CPU
		{D40D994B-2FF9-4F9F-8B12-6316C3B9D004}.Release|Any CPU.Build.0 = Release|Any CPU
	EndGlobalSection
	GlobalSection(SolutionProperties) = preSolution
		HideSolutionNode = FALSE
	EndGlobalSection
	GlobalSection(ExtensibilityGlobals) = postSolution
		SolutionGuid = {D7FBD778-6426-41DE-99FF-0E90ED927F1C}
	EndGlobalSection
EndGlobal
